
Microsoft Visual Studio Solution File, Format Version 12.00
# Visual Studio 15
VisualStudioVersion = 15.0.26124.0
MinimumVisualStudioVersion = 15.0.26124.0
Project("{FAE04EC0-301F-11D3-BF4B-00C04F79EFBC}") = "API", "API\API.csproj", "{2C47DA97-1C78-48DF-B94A-F7D1B8B4B78A}"
EndProject
Project("{FAE04EC0-301F-11D3-BF4B-00C04F79EFBC}") = "Core", "Core\Core.csproj", "{CD881A31-61A0-4EAC-B201-87DDAF9C73F8}"
EndProject
Project("{FAE04EC0-301F-11D3-BF4B-00C04F79EFBC}") = "Infraestrutura", "Infraestrutura\Infraestrutura.csproj", "{391C2C18-1097-43E2-94F0-A58C0545FD8C}"
EndProject
Global
	GlobalSection(SolutionConfigurationPlatforms) = preSolution
		Debug|Any CPU = Debug|Any CPU
		Debug|x64 = Debug|x64
		Debug|x86 = Debug|x86
		Release|Any CPU = Release|Any CPU
		Release|x64 = Release|x64
		Release|x86 = Release|x86
	EndGlobalSection
	GlobalSection(SolutionProperties) = preSolution
		HideSolutionNode = FALSE
	EndGlobalSection
	GlobalSection(ProjectConfigurationPlatforms) = postSolution
		{2C47DA97-1C78-48DF-B94A-F7D1B8B4B78A}.Debug|Any CPU.ActiveCfg = Debug|Any CPU
		{2C47DA97-1C78-48DF-B94A-F7D1B8B4B78A}.Debug|Any CPU.Build.0 = Debug|Any CPU
		{2C47DA97-1C78-48DF-B94A-F7D1B8B4B78A}.Debug|x64.ActiveCfg = Debug|Any CPU
		{2C47DA97-1C78-48DF-B94A-F7D1B8B4B78A}.Debug|x64.Build.0 = Debug|Any CPU
		{2C47DA97-1C78-48DF-B94A-F7D1B8B4B78A}.Debug|x86.ActiveCfg = Debug|Any CPU
		{2C47DA97-1C78-48DF-B94A-F7D1B8B4B78A}.Debug|x86.Build.0 = Debug|Any CPU
		{2C47DA97-1C78-48DF-B94A-F7D1B8B4B78A}.Release|Any CPU.ActiveCfg = Release|Any CPU
		{2C47DA97-1C78-48DF-B94A-F7D1B8B4B78A}.Release|Any CPU.Build.0 = Release|Any CPU
		{2C47DA97-1C78-48DF-B94A-F7D1B8B4B78A}.Release|x64.ActiveCfg = Release|Any CPU
		{2C47DA97-1C78-48DF-B94A-F7D1B8B4B78A}.Release|x64.Build.0 = Release|Any CPU
		{2C47DA97-1C78-48DF-B94A-F7D1B8B4B78A}.Release|x86.ActiveCfg = Release|Any CPU
		{2C47DA97-1C78-48DF-B94A-F7D1B8B4B78A}.Release|x86.Build.0 = Release|Any CPU
		{CD881A31-61A0-4EAC-B201-87DDAF9C73F8}.Debug|Any CPU.ActiveCfg = Debug|Any CPU
		{CD881A31-61A0-4EAC-B201-87DDAF9C73F8}.Debug|Any CPU.Build.0 = Debug|Any CPU
		{CD881A31-61A0-4EAC-B201-87DDAF9C73F8}.Debug|x64.ActiveCfg = Debug|Any CPU
		{CD881A31-61A0-4EAC-B201-87DDAF9C73F8}.Debug|x64.Build.0 = Debug|Any CPU
		{CD881A31-61A0-4EAC-B201-87DDAF9C73F8}.Debug|x86.ActiveCfg = Debug|Any CPU
		{CD881A31-61A0-4EAC-B201-87DDAF9C73F8}.Debug|x86.Build.0 = Debug|Any CPU
		{CD881A31-61A0-4EAC-B201-87DDAF9C73F8}.Release|Any CPU.ActiveCfg = Release|Any CPU
		{CD881A31-61A0-4EAC-B201-87DDAF9C73F8}.Release|Any CPU.Build.0 = Release|Any CPU
		{CD881A31-61A0-4EAC-B201-87DDAF9C73F8}.Release|x64.ActiveCfg = Release|Any CPU
		{CD881A31-61A0-4EAC-B201-87DDAF9C73F8}.Release|x64.Build.0 = Release|Any CPU
		{CD881A31-61A0-4EAC-B201-87DDAF9C73F8}.Release|x86.ActiveCfg = Release|Any CPU
		{CD881A31-61A0-4EAC-B201-87DDAF9C73F8}.Release|x86.Build.0 = Release|Any CPU
		{391C2C18-1097-43E2-94F0-A58C0545FD8C}.Debug|Any CPU.ActiveCfg = Debug|Any CPU
		{391C2C18-1097-43E2-94F0-A58C0545FD8C}.Debug|Any CPU.Build.0 = Debug|Any CPU
		{391C2C18-1097-43E2-94F0-A58C0545FD8C}.Debug|x64.ActiveCfg = Debug|Any CPU
		{391C2C18-1097-43E2-94F0-A58C0545FD8C}.Debug|x64.Build.0 = Debug|Any CPU
		{391C2C18-1097-43E2-94F0-A58C0545FD8C}.Debug|x86.ActiveCfg = Debug|Any CPU
		{391C2C18-1097-43E2-94F0-A58C0545FD8C}.Debug|x86.Build.0 = Debug|Any CPU
		{391C2C18-1097-43E2-94F0-A58C0545FD8C}.Release|Any CPU.ActiveCfg = Release|Any CPU
		{391C2C18-1097-43E2-94F0-A58C0545FD8C}.Release|Any CPU.Build.0 = Release|Any CPU
		{391C2C18-1097-43E2-94F0-A58C0545FD8C}.Release|x64.ActiveCfg = Release|Any CPU
		{391C2C18-1097-43E2-94F0-A58C0545FD8C}.Release|x64.Build.0 = Release|Any CPU
		{391C2C18-1097-43E2-94F0-A58C0545FD8C}.Release|x86.ActiveCfg = Release|Any CPU
		{391C2C18-1097-43E2-94F0-A58C0545FD8C}.Release|x86.Build.0 = Release|Any CPU
	EndGlobalSection
EndGlobal
